
Microsoft Visual Studio Solution File, Format Version 12.00
# Visual Studio Version 16
VisualStudioVersion = 16.0.29911.84
MinimumVisualStudioVersion = 10.0.40219.1
Project("{FAE04EC0-301F-11D3-BF4B-00C04F79EFBC}") = "restlessmedia.Module", "src\restlessmedia.Module.csproj", "{5D493AD0-1442-495A-AFF9-9EE5F740430B}"
EndProject
Project("{FAE04EC0-301F-11D3-BF4B-00C04F79EFBC}") = "restlessmedia.Module.UnitTest", "restlessmedia.Module.UnitTest\restlessmedia.Module.UnitTest.csproj", "{478A5392-FB2B-4595-A044-E4272DE70195}"
EndProject
Project("{2150E333-8FDC-42A3-9474-1A3956D46DE8}") = "Solution Items", "Solution Items", "{0D595C96-77A1-43B8-A17F-3E9DAA1BA185}"
	ProjectSection(SolutionItems) = preProject
		.gitignore = .gitignore
		appveyor.yml = appveyor.yml
		nuget.config = nuget.config
		README.md = README.md
	EndProjectSection
EndProject
Global
	GlobalSection(SolutionConfigurationPlatforms) = preSolution
		Debug|Any CPU = Debug|Any CPU
		Release|Any CPU = Release|Any CPU
	EndGlobalSection
	GlobalSection(ProjectConfigurationPlatforms) = postSolution
		{5D493AD0-1442-495A-AFF9-9EE5F740430B}.Debug|Any CPU.ActiveCfg = Debug|Any CPU
		{5D493AD0-1442-495A-AFF9-9EE5F740430B}.Debug|Any CPU.Build.0 = Debug|Any CPU
		{5D493AD0-1442-495A-AFF9-9EE5F740430B}.Release|Any CPU.ActiveCfg = Release|Any CPU
		{5D493AD0-1442-495A-AFF9-9EE5F740430B}.Release|Any CPU.Build.0 = Release|Any CPU
		{478A5392-FB2B-4595-A044-E4272DE70195}.Debug|Any CPU.ActiveCfg = Debug|Any CPU
		{478A5392-FB2B-4595-A044-E4272DE70195}.Debug|Any CPU.Build.0 = Debug|Any CPU
		{478A5392-FB2B-4595-A044-E4272DE70195}.Release|Any CPU.ActiveCfg = Release|Any CPU
		{478A5392-FB2B-4595-A044-E4272DE70195}.Release|Any CPU.Build.0 = Release|Any CPU
	EndGlobalSection
	GlobalSection(SolutionProperties) = preSolution
		HideSolutionNode = FALSE
	EndGlobalSection
	GlobalSection(ExtensibilityGlobals) = postSolution
		EnterpriseLibraryConfigurationToolBinariesPathV6 = packages\EnterpriseLibrary.TransientFaultHandling.6.0.1304.0\lib\portable-net45+win+wp8
		SolutionGuid = {ECE7083D-6560-4B2E-B069-CB244BAC3AAC}
	EndGlobalSection
EndGlobal
